<Project xmlns="http://schemas.microsoft.com/developer/msbuild/2003">
	<PropertyGroup>
		<ProjectGuid>{B5955E58-5F36-4617-B68B-39BA8387FA7E}</ProjectGuid>
		<MainSource>TMSScripter.dpk</MainSource>
		<Configuration Condition=" '$(Configuration)' == '' ">Debug</Configuration>
		<Platform Condition=" '$(Platform)' == '' ">AnyCPU</Platform>
		<DCC_DCCCompiler>DCC32</DCC_DCCCompiler>
	</PropertyGroup>
	<PropertyGroup Condition=" '$(Configuration)|$(Platform)' == 'Release|AnyCPU' ">
		<Version>7.0</Version>
		<DCC_DebugInformation>False</DCC_DebugInformation>
		<DCC_LocalDebugSymbols>False</DCC_LocalDebugSymbols>
		<DCC_SymbolReferenceInfo>0</DCC_SymbolReferenceInfo>
		<DCC_Define>RELEASE</DCC_Define>
		<DCC_Description>TMS Scripter - Core Package</DCC_Description>
		<DCC_OutputNeverBuildDcps>true</DCC_OutputNeverBuildDcps>
		<DCC_CBuilderOutput>All</DCC_CBuilderOutput>
		<RuntimeOnlyPackage>true</RuntimeOnlyPackage>
		<DllSuffix>100</DllSuffix>
		<DCC_DcuOutput>.\Win32\Release</DCC_DcuOutput>
		<DCC_BplOutput>..\bpl\Win32</DCC_BplOutput>
		<DCC_BpiOutput>.\$(Platform)\Release</DCC_BpiOutput>
		<DCC_DcpOutput>.\Win32\Release</DCC_DcpOutput>
		<DCC_HppOutput>.\$(Platform)\Release</DCC_HppOutput>
		<DCC_ObjOutput>.\$(Platform)\Release</DCC_ObjOutput>
	</PropertyGroup>
	<PropertyGroup Condition=" '$(Configuration)|$(Platform)' == 'Debug|AnyCPU' ">
		<Version>7.0</Version>
		<DCC_Description>TMS Scripter - Core Package</DCC_Description>
		<DCC_OutputNeverBuildDcps>true</DCC_OutputNeverBuildDcps>
		<DCC_CBuilderOutput>All</DCC_CBuilderOutput>
		<RuntimeOnlyPackage>true</RuntimeOnlyPackage>
		<DllSuffix>100</DllSuffix>
		<DCC_DcuOutput>.\Win32\Release</DCC_DcuOutput>
		<DCC_BplOutput>..\bpl\Win32</DCC_BplOutput>
		<DCC_BpiOutput>.\$(Platform)\Release</DCC_BpiOutput>
		<DCC_DcpOutput>.\Win32\Release</DCC_DcpOutput>
		<DCC_HppOutput>.\$(Platform)\Release</DCC_HppOutput>
		<DCC_ObjOutput>.\$(Platform)\Release</DCC_ObjOutput>
	</PropertyGroup>
	<ProjectExtensions>
		<Borland.Personality>Delphi.Personality</Borland.Personality>
		<Borland.ProjectType>Package</Borland.ProjectType>
		<BorlandProject>
			<BorlandProject>
				<Delphi.Personality>
					<Parameters>
						<Parameters Name="UseLauncher">False</Parameters>
						<Parameters Name="LoadAllSymbols">True</Parameters>
						<Parameters Name="LoadUnspecifiedSymbols">False</Parameters>
					</Parameters>
					<Package_Options>
						<Package_Options Name="ImplicitBuild">True</Package_Options>
						<Package_Options Name="DesigntimeOnly">False</Package_Options>
						<Package_Options Name="RuntimeOnly">False</Package_Options>
					</Package_Options>
					<VersionInfo>
						<VersionInfo Name="IncludeVerInfo">True</VersionInfo>
						<VersionInfo Name="AutoIncBuild">False</VersionInfo>
						<VersionInfo Name="MajorVer">1</VersionInfo>
						<VersionInfo Name="MinorVer">0</VersionInfo>
						<VersionInfo Name="Release">0</VersionInfo>
						<VersionInfo Name="Build">0</VersionInfo>
						<VersionInfo Name="Debug">False</VersionInfo>
						<VersionInfo Name="PreRelease">False</VersionInfo>
						<VersionInfo Name="Special">False</VersionInfo>
						<VersionInfo Name="Private">False</VersionInfo>
						<VersionInfo Name="DLL">False</VersionInfo>
						<VersionInfo Name="Locale">1033</VersionInfo>
						<VersionInfo Name="CodePage">1252</VersionInfo>
					</VersionInfo>
					<VersionInfoKeys>
						<VersionInfoKeys Name="CompanyName"/>
						<VersionInfoKeys Name="FileDescription"/>
						<VersionInfoKeys Name="FileVersion">1.0.0.0</VersionInfoKeys>
						<VersionInfoKeys Name="InternalName"/>
						<VersionInfoKeys Name="LegalCopyright"/>
						<VersionInfoKeys Name="LegalTrademarks"/>
						<VersionInfoKeys Name="OriginalFilename"/>
						<VersionInfoKeys Name="ProductName"/>
						<VersionInfoKeys Name="ProductVersion">1.0.0.0</VersionInfoKeys>
						<VersionInfoKeys Name="Comments"/>
					</VersionInfoKeys>
					<Source>
						<Source Name="MainSource">TMSScripter.dpk</Source>
					</Source>
				</Delphi.Personality>
			</BorlandProject>
		</BorlandProject>
	</ProjectExtensions>
	<Import Project="$(MSBuildBinPath)\Borland.Delphi.Targets"/>
	<ItemGroup>
		<DelphiCompile Include="TMSScripter.dpk">
			<MainSource>MainSource</MainSource>
		</DelphiCompile>
		<DCCReference Include="rtl.dcp"/>
		<DCCReference Include="..\..\source\core\atbasic.pas"/>
		<DCCReference Include="..\..\source\core\atHTMLParse.pas"/>
		<DCCReference Include="..\..\source\core\atparser.pas"/>
		<DCCReference Include="..\..\source\core\atpascal.pas"/>
		<DCCReference Include="..\..\source\core\atScript.pas"/>
		<DCCReference Include="..\..\source\core\atscripter.pas"/>
		<DCCReference Include="..\..\source\core\atWebScripter.pas"/>
		<DCCReference Include="..\..\source\core\dispatchlib.pas"/>
		<DCCReference Include="..\..\source\core\Languages.Basic.pas"/>
		<DCCReference Include="..\..\source\core\Languages.Pascal.pas"/>
		<DCCReference Include="..\..\source\core\ucalldll.pas"/>
		<DCCReference Include="..\..\source\core\uSystemLibrary.pas"/>
		<DCCReference Include="..\..\source\core\uvbscriptlibrary.pas"/>
	</ItemGroup>
</Project>
