<Project xmlns="http://schemas.microsoft.com/developer/msbuild/2003">
	<PropertyGroup>
		<ProjectGuid>{FB5B4AA5-F211-412C-B48F-417622D84B44}</ProjectGuid>
		<MainSource>TMSScripter_IDE.dpk</MainSource>
		<ProjectVersion>14.6</ProjectVersion>
		<FrameworkType>VCL</FrameworkType>
		<Base>True</Base>
		<Config Condition="'$(Config)'==''">Debug</Config>
		<Platform Condition="'$(Platform)'==''">Win32</Platform>
		<TargetedPlatforms>3</TargetedPlatforms>
		<AppType>Package</AppType>
	</PropertyGroup>
	<PropertyGroup Condition="'$(Config)'=='Base' or '$(Base)'!=''">
		<Base>true</Base>
	</PropertyGroup>
	<PropertyGroup Condition="('$(Platform)'=='iOSDevice' and '$(Base)'=='true') or '$(Base_iOSDevice)'!=''">
		<Base_iOSDevice>true</Base_iOSDevice>
		<CfgParent>Base</CfgParent>
		<Base>true</Base>
	</PropertyGroup>
	<PropertyGroup Condition="('$(Platform)'=='iOSSimulator' and '$(Base)'=='true') or '$(Base_iOSSimulator)'!=''">
		<Base_iOSSimulator>true</Base_iOSSimulator>
		<CfgParent>Base</CfgParent>
		<Base>true</Base>
	</PropertyGroup>
	<PropertyGroup Condition="('$(Platform)'=='OSX32' and '$(Base)'=='true') or '$(Base_OSX32)'!=''">
		<Base_OSX32>true</Base_OSX32>
		<CfgParent>Base</CfgParent>
		<Base>true</Base>
	</PropertyGroup>
	<PropertyGroup Condition="('$(Platform)'=='Win32' and '$(Base)'=='true') or '$(Base_Win32)'!=''">
		<Base_Win32>true</Base_Win32>
		<CfgParent>Base</CfgParent>
		<Base>true</Base>
	</PropertyGroup>
	<PropertyGroup Condition="('$(Platform)'=='Win64' and '$(Base)'=='true') or '$(Base_Win64)'!=''">
		<Base_Win64>true</Base_Win64>
		<CfgParent>Base</CfgParent>
		<Base>true</Base>
	</PropertyGroup>
	<PropertyGroup Condition="'$(Config)'=='Debug' or '$(Cfg_1)'!=''">
		<Cfg_1>true</Cfg_1>
		<CfgParent>Base</CfgParent>
		<Base>true</Base>
	</PropertyGroup>
	<PropertyGroup Condition="('$(Platform)'=='Win32' and '$(Cfg_1)'=='true') or '$(Cfg_1_Win32)'!=''">
		<Cfg_1_Win32>true</Cfg_1_Win32>
		<CfgParent>Cfg_1</CfgParent>
		<Cfg_1>true</Cfg_1>
		<Base>true</Base>
	</PropertyGroup>
	<PropertyGroup Condition="'$(Config)'=='Release' or '$(Cfg_2)'!=''">
		<Cfg_2>true</Cfg_2>
		<CfgParent>Base</CfgParent>
		<Base>true</Base>
	</PropertyGroup>
	<PropertyGroup Condition="'$(Base)'!=''">
		<GenPackage>true</GenPackage>
		<DCC_CBuilderOutput>All</DCC_CBuilderOutput>
		<GenDll>true</GenDll>
		<DCC_Namespace>Winapi;System.Win;Data.Win;Datasnap.Win;Web.Win;Soap.Win;Xml.Win;Bde;System;Xml;Data;Datasnap;Web;Soap;Vcl;Vcl.Imaging;Vcl.Touch;Vcl.Samples;Vcl.Shell;$(DCC_Namespace)</DCC_Namespace>
		<DCC_DcuOutput>.\$(Platform)\$(Config)</DCC_DcuOutput>
		<DCC_ExeOutput>.\$(Platform)\$(Config)</DCC_ExeOutput>
		<DCC_E>false</DCC_E>
		<DCC_N>false</DCC_N>
		<DCC_S>false</DCC_S>
		<DCC_F>false</DCC_F>
		<DCC_K>false</DCC_K>
		<DCC_Description>TMS Scripter - IDE Package</DCC_Description>
		<DCC_OutputNeverBuildDcps>true</DCC_OutputNeverBuildDcps>
		<RuntimeOnlyPackage>true</RuntimeOnlyPackage>
		<DllSuffix>180</DllSuffix>
		<DCC_BplOutput>..\bpl\$(Platform)</DCC_BplOutput>
		<DCC_BpiOutput>.\$(Platform)\$(Config)</DCC_BpiOutput>
		<DCC_DcpOutput>.\$(Platform)\$(Config)</DCC_DcpOutput>
		<DCC_HppOutput>.\$(Platform)\$(Config)</DCC_HppOutput>
		<DCC_ObjOutput>.\$(Platform)\$(Config)</DCC_ObjOutput>
	</PropertyGroup>
	<PropertyGroup Condition="'$(Base_iOSDevice)'!=''">
		<VerInfo_UIDeviceFamily>iPhoneAndiPad</VerInfo_UIDeviceFamily>
		<VerInfo_BundleId>$(MSBuildProjectName)</VerInfo_BundleId>
		<VerInfo_Keys>CFBundleName=$(MSBuildProjectName);CFBundleDevelopmentRegion=en;CFBundleDisplayName=$(MSBuildProjectName);CFBundleIdentifier=$(MSBuildProjectName);CFBundleInfoDictionaryVersion=6.0;CFBundleVersion=1.0.0.0;CFBundlePackageType=APPL;CFBundleSignature=????;LSRequiresIPhoneOS=true;CFBundleAllowMixedLocalizations=YES;CFBundleExecutable=$(MSBuildProjectName);UIDeviceFamily=iPhone &amp; iPad;CFBundleResourceSpecification=ResourceRules.plist</VerInfo_Keys>
		<BT_BuildType>Debug</BT_BuildType>
		<VerInfo_IncludeVerInfo>true</VerInfo_IncludeVerInfo>
	</PropertyGroup>
	<PropertyGroup Condition="'$(Base_iOSSimulator)'!=''">
		<VerInfo_UIDeviceFamily>iPhoneAndiPad</VerInfo_UIDeviceFamily>
		<VerInfo_Keys>CFBundleName=$(MSBuildProjectName);CFBundleDevelopmentRegion=en;CFBundleDisplayName=$(MSBuildProjectName);CFBundleIdentifier=$(MSBuildProjectName);CFBundleInfoDictionaryVersion=6.0;CFBundleVersion=1.0.0.0;CFBundlePackageType=APPL;CFBundleSignature=????;LSRequiresIPhoneOS=true;CFBundleAllowMixedLocalizations=YES;CFBundleExecutable=$(MSBuildProjectName);UIDeviceFamily=iPhone &amp; iPad;CFBundleResourceSpecification=ResourceRules.plist</VerInfo_Keys>
		<VerInfo_IncludeVerInfo>true</VerInfo_IncludeVerInfo>
	</PropertyGroup>
	<PropertyGroup Condition="'$(Base_OSX32)'!=''">
		<VerInfo_Keys>CFBundleName=$(MSBuildProjectName);CFBundleDisplayName=$(MSBuildProjectName);CFBundleIdentifier=$(MSBuildProjectName);CFBundleVersion=1.0.0;CFBundlePackageType=APPL;CFBundleSignature=????;CFBundleAllowMixedLocalizations=YES;CFBundleExecutable=$(MSBuildProjectName);NSHighResolutionCapable=true;LSApplicationCategoryType=public.app-category.utilities</VerInfo_Keys>
	</PropertyGroup>
	<PropertyGroup Condition="'$(Base_Win32)'!=''">
		<VerInfo_Keys>CompanyName=;FileDescription=;FileVersion=1.0.0.0;InternalName=;LegalCopyright=;LegalTrademarks=;OriginalFilename=;ProductName=;ProductVersion=1.0.0.0;Comments=</VerInfo_Keys>
		<VerInfo_IncludeVerInfo>true</VerInfo_IncludeVerInfo>
		<VerInfo_Locale>1033</VerInfo_Locale>
	</PropertyGroup>
	<PropertyGroup Condition="'$(Base_Win64)'!=''">
		<VerInfo_Keys>CompanyName=;FileDescription=;FileVersion=1.0.0.0;InternalName=;LegalCopyright=;LegalTrademarks=;OriginalFilename=;ProductName=;ProductVersion=1.0.0.0;Comments=</VerInfo_Keys>
		<VerInfo_IncludeVerInfo>true</VerInfo_IncludeVerInfo>
		<VerInfo_Locale>1033</VerInfo_Locale>
	</PropertyGroup>
	<PropertyGroup Condition="'$(Cfg_1)'!=''">
		<DCC_Define>DEBUG;$(DCC_Define)</DCC_Define>
		<DCC_DebugDCUs>true</DCC_DebugDCUs>
		<DCC_Optimize>false</DCC_Optimize>
		<DCC_GenerateStackFrames>true</DCC_GenerateStackFrames>
		<DCC_DebugInfoInExe>true</DCC_DebugInfoInExe>
		<DCC_RemoteDebug>true</DCC_RemoteDebug>
	</PropertyGroup>
	<PropertyGroup Condition="'$(Cfg_1_Win32)'!=''">
		<DCC_RemoteDebug>false</DCC_RemoteDebug>
	</PropertyGroup>
	<PropertyGroup Condition="'$(Cfg_2)'!=''">
		<DCC_LocalDebugSymbols>false</DCC_LocalDebugSymbols>
		<DCC_Define>RELEASE;$(DCC_Define)</DCC_Define>
		<DCC_SymbolReferenceInfo>0</DCC_SymbolReferenceInfo>
		<DCC_DebugInformation>false</DCC_DebugInformation>
	</PropertyGroup>
	<ItemGroup>
		<DelphiCompile Include="$(MainSource)">
			<MainSource>MainSource</MainSource>
		</DelphiCompile>
		<DCCReference Include="rtl.dcp"/>
		<DCCReference Include="TMSScripter.dcp"/>
		<DCCReference Include="TMSScripter_Memo.dcp"/>
		<DCCReference Include="TMSScripter_VCL.dcp"/>
		<DCCReference Include="dbrtl.dcp"/>
		<DCCReference Include="vcldb.dcp"/>
		<DCCReference Include="vclx.dcp"/>
		<DCCReference Include="..\..\source\ide\atMemoInterface.pas"/>
		<DCCReference Include="..\..\source\ide\CollectionInspEditor.pas"/>
		<DCCReference Include="..\..\source\ide\componentinspector.pas"/>
		<DCCReference Include="..\..\source\ide\DatasetFieldsEditor.pas">
			<Form>fmDatasetFieldsEditor</Form>
		</DCCReference>
		<DCCReference Include="..\..\source\ide\DesignerAddControls.pas">
			<Form>frmDesignerAddControls</Form>
		</DCCReference>
		<DCCReference Include="..\..\source\ide\DesignerAlignDialog.pas">
			<Form>frmAlign</Form>
		</DCCReference>
		<DCCReference Include="..\..\source\ide\DesignerAlignPalette.pas">
			<Form>frmAlignmentPalette</Form>
		</DCCReference>
		<DCCReference Include="..\..\source\ide\DesignerControlsEditor.pas">
			<Form>frmDesignerControlsEditor</Form>
		</DCCReference>
		<DCCReference Include="..\..\source\ide\designeroptionsdialog.pas">
			<Form>frmDesignerOptions</Form>
		</DCCReference>
		<DCCReference Include="..\..\source\ide\designersizedialog.pas">
			<Form>frmSize</Form>
		</DCCReference>
		<DCCReference Include="..\..\source\ide\DesignerTabOrderDialog.pas">
			<Form>frmTabOrder</Form>
		</DCCReference>
		<DCCReference Include="..\..\source\ide\DFEAddFields.pas">
			<Form>fmDFEAddFields</Form>
		</DCCReference>
		<DCCReference Include="..\..\source\ide\DFENewField.pas">
			<Form>fmDFENewField</Form>
		</DCCReference>
		<DCCReference Include="..\..\source\ide\dideactions.pas">
			<Form>dmIDEActions</Form>
		</DCCReference>
		<DCCReference Include="..\..\source\ide\fIDEEditor.pas"/>
		<DCCReference Include="..\..\source\ide\fLibraryBrowser.pas">
			<Form>fmLibraryBrowser</Form>
		</DCCReference>
		<DCCReference Include="..\..\source\ide\fObjectInspector.pas"/>
		<DCCReference Include="..\..\source\ide\FormDesigner.pas"/>
		<DCCReference Include="..\..\source\ide\fSelectLanguage.pas">
			<Form>fmSelectLanguage</Form>
		</DCCReference>
		<DCCReference Include="..\..\source\ide\fSelectUnit.pas">
			<Form>fmSelectUnit</Form>
		</DCCReference>
		<DCCReference Include="..\..\source\ide\fToolPalette.pas"/>
		<DCCReference Include="..\..\source\ide\fWatches.pas"/>
		<DCCReference Include="..\..\source\ide\IDEDialog.pas"/>
		<DCCReference Include="..\..\source\ide\idemain.pas"/>
		<DCCReference Include="..\..\source\ide\imagelisteditor.pas">
			<Form>fmImageListEditor</Form>
		</DCCReference>
		<DCCReference Include="..\..\source\ide\inspectorcontrols.pas"/>
		<DCCReference Include="..\..\source\ide\ListViewInspEditor.pas"/>
		<DCCReference Include="..\..\source\ide\MenuInspEditor.pas"/>
		<DCCReference Include="..\..\source\ide\MenuInspIDEEditor.pas">
			<Form>frmMenuIDEEditor</Form>
		</DCCReference>
		<DCCReference Include="..\..\source\ide\PictureInspEditor.pas">
			<Form>frmPicture</Form>
		</DCCReference>
		<DCCReference Include="..\..\source\ide\PropertyInspEditors.pas"/>
		<DCCReference Include="..\..\source\ide\PropertyList.pas"/>
		<DCCReference Include="..\..\source\ide\StringsInspEditor.pas">
			<Form>frmStrings</Form>
		</DCCReference>
		<DCCReference Include="..\..\source\ide\TreeViewInspEditor.pas"/>
		<DCCReference Include="..\..\source\ide\fWatchProperties.pas">
			<Form>fmWatchProperties</Form>
		</DCCReference>
		<BuildConfiguration Include="Release">
			<Key>Cfg_2</Key>
			<CfgParent>Base</CfgParent>
		</BuildConfiguration>
		<BuildConfiguration Include="Base">
			<Key>Base</Key>
		</BuildConfiguration>
		<BuildConfiguration Include="Debug">
			<Key>Cfg_1</Key>
			<CfgParent>Base</CfgParent>
		</BuildConfiguration>
	</ItemGroup>
	<ProjectExtensions>
		<Borland.Personality>Delphi.Personality.12</Borland.Personality>
		<Borland.ProjectType>Package</Borland.ProjectType>
		<BorlandProject>
			<Delphi.Personality>
				<Source>
					<Source Name="MainSource">TMSScripter_IDE.dpk</Source>
				</Source>
				<VersionInfo>
					<VersionInfo Name="IncludeVerInfo">True</VersionInfo>
					<VersionInfo Name="AutoIncBuild">False</VersionInfo>
					<VersionInfo Name="MajorVer">1</VersionInfo>
					<VersionInfo Name="MinorVer">0</VersionInfo>
					<VersionInfo Name="Release">0</VersionInfo>
					<VersionInfo Name="Build">0</VersionInfo>
					<VersionInfo Name="Debug">False</VersionInfo>
					<VersionInfo Name="PreRelease">False</VersionInfo>
					<VersionInfo Name="Special">False</VersionInfo>
					<VersionInfo Name="Private">False</VersionInfo>
					<VersionInfo Name="DLL">False</VersionInfo>
					<VersionInfo Name="Locale">1033</VersionInfo>
					<VersionInfo Name="CodePage">1252</VersionInfo>
				</VersionInfo>
				<VersionInfoKeys>
					<VersionInfoKeys Name="CompanyName"/>
					<VersionInfoKeys Name="FileDescription"/>
					<VersionInfoKeys Name="FileVersion">1.0.0.0</VersionInfoKeys>
					<VersionInfoKeys Name="InternalName"/>
					<VersionInfoKeys Name="LegalCopyright"/>
					<VersionInfoKeys Name="LegalTrademarks"/>
					<VersionInfoKeys Name="OriginalFilename"/>
					<VersionInfoKeys Name="ProductName"/>
					<VersionInfoKeys Name="ProductVersion">1.0.0.0</VersionInfoKeys>
					<VersionInfoKeys Name="Comments"/>
					<VersionInfoKeys Name="CFBundleName"/>
					<VersionInfoKeys Name="CFBundleDisplayName"/>
					<VersionInfoKeys Name="UIDeviceFamily"/>
					<VersionInfoKeys Name="CFBundleIdentifier"/>
					<VersionInfoKeys Name="CFBundleVersion"/>
					<VersionInfoKeys Name="CFBundlePackageType"/>
					<VersionInfoKeys Name="CFBundleSignature"/>
					<VersionInfoKeys Name="CFBundleAllowMixedLocalizations"/>
					<VersionInfoKeys Name="UISupportedInterfaceOrientations"/>
					<VersionInfoKeys Name="CFBundleExecutable"/>
					<VersionInfoKeys Name="CFBundleResourceSpecification"/>
					<VersionInfoKeys Name="LSRequiresIPhoneOS"/>
					<VersionInfoKeys Name="CFBundleInfoDictionaryVersion"/>
					<VersionInfoKeys Name="CFBundleDevelopmentRegion"/>
				</VersionInfoKeys>
			</Delphi.Personality>
			<Deployment/>
			<Platforms>
				<Platform value="iOSDevice">False</Platform>
				<Platform value="iOSSimulator" ActiveMobileDevice="iPhone">False</Platform>
				<Platform value="OSX32">False</Platform>
				<Platform value="Win32">True</Platform>
				<Platform value="Win64">True</Platform>
			</Platforms>
		</BorlandProject>
		<ProjectFileVersion>12</ProjectFileVersion>
	</ProjectExtensions>
	<Import Project="$(BDS)\Bin\CodeGear.Delphi.Targets" Condition="Exists('$(BDS)\Bin\CodeGear.Delphi.Targets')"/>
	<Import Project="$(APPDATA)\Embarcadero\$(BDSAPPDATABASEDIR)\$(PRODUCTVERSION)\UserTools.proj" Condition="Exists('$(APPDATA)\Embarcadero\$(BDSAPPDATABASEDIR)\$(PRODUCTVERSION)\UserTools.proj')"/>
</Project>
